
Microsoft Visual Studio Solution File, Format Version 12.00
# Visual Studio Version 16
VisualStudioVersion = 16.0.29920.165
MinimumVisualStudioVersion = 10.0.40219.1
Project("{FAE04EC0-301F-11D3-BF4B-00C04F79EFBC}") = "modul4_kel29", "modul4_kel29\modul4_kel29.csproj", "{77985BD2-EF63-4785-ADA6-67FFC2E03127}"
EndProject
Global
	GlobalSection(SolutionConfigurationPlatforms) = preSolution
		Debug|Any CPU = Debug|Any CPU
		Release|Any CPU = Release|Any CPU
	EndGlobalSection
	GlobalSection(ProjectConfigurationPlatforms) = postSolution
		{77985BD2-EF63-4785-ADA6-67FFC2E03127}.Debug|Any CPU.ActiveCfg = Debug|Any CPU
		{77985BD2-EF63-4785-ADA6-67FFC2E03127}.Debug|Any CPU.Build.0 = Debug|Any CPU
		{77985BD2-EF63-4785-ADA6-67FFC2E03127}.Release|Any CPU.ActiveCfg = Release|Any CPU
		{77985BD2-EF63-4785-ADA6-67FFC2E03127}.Release|Any CPU.Build.0 = Release|Any CPU
	EndGlobalSection
	GlobalSection(SolutionProperties) = preSolution
		HideSolutionNode = FALSE
	EndGlobalSection
	GlobalSection(ExtensibilityGlobals) = postSolution
		SolutionGuid = {6DE077AC-ED91-47AE-B83A-AF67A278937A}
	EndGlobalSection
EndGlobal
